// !$*UTF8*$!
{
	archiveVersion = 1;
	classes = {
	};
	objectVersion = 77;
	objects = {

/* Begin PBXBuildFile section */
		D9E0686B3010A63900E88132 /* Assets.xcassets in Resources */ = {isa = PBXBuildFile; fileRef = D9E068673010A63900E88132 /* Assets.xcassets */; };
		D9E0686C3010A63900E88132 /* MainTabView.swift in Sources */ = {isa = PBXBuildFile; fileRef = D9E068683010A63900E88132 /* MainTabView.swift */; };
		D9E0686D3010A63900E88132 /* GyakusanApp.swift in Sources */ = {isa = PBXBuildFile; fileRef = D9E068693010A63900E88132 /* GyakusanApp.swift */; };
		D9E068753010B06900E88132 /* Localizable.xcstrings in Resources */ = {isa = PBXBuildFile; fileRef = D9E068743010B06900E88132 /* Localizable.xcstrings */; };
		D9E068773010E08C00E88132 /* AppDelegate.swift in Sources */ = {isa = PBXBuildFile; fileRef = D9E068763010E08C00E88132 /* AppDelegate.swift */; };
		D9E068793010E0CB00E88132 /* LimitTask.swift in Sources */ = {isa = PBXBuildFile; fileRef = D9E068783010E0CB00E88132 /* LimitTask.swift */; };
		D9E0687B3010E0D400E88132 /* UserProfile.swift in Sources */ = {isa = PBXBuildFile; fileRef = D9E0687A3010E0D400E88132 /* UserProfile.swift */; };
		D9E0687D3010E0DE00E88132 /* TimeFrame.swift in Sources */ = {isa = PBXBuildFile; fileRef = D9E0687C3010E0DE00E88132 /* TimeFrame.swift */; };
		D9E068843010E16400E88132 /* BannerAdView.swift in Sources */ = {isa = PBXBuildFile; fileRef = D9E068833010E16400E88132 /* BannerAdView.swift */; };
		D9E068863010E16D00E88132 /* TimeFramePicker.swift in Sources */ = {isa = PBXBuildFile; fileRef = D9E068853010E16D00E88132 /* TimeFramePicker.swift */; };
		D9E068883010E17D00E88132 /* TaskRowView.swift in Sources */ = {isa = PBXBuildFile; fileRef = D9E068873010E17D00E88132 /* TaskRowView.swift */; };
		D9E0688A3010E19100E88132 /* TodoListView.swift in Sources */ = {isa = PBXBuildFile; fileRef = D9E068893010E19100E88132 /* TodoListView.swift */; };
		D9E0688C3010E19B00E88132 /* LimitVisualizerView.swift in Sources */ = {isa = PBXBuildFile; fileRef = D9E0688B3010E19B00E88132 /* LimitVisualizerView.swift */; };
		D9E0688E3010E1A400E88132 /* LifeGridView.swift in Sources */ = {isa = PBXBuildFile; fileRef = D9E0688D3010E1A400E88132 /* LifeGridView.swift */; };
		D9E068903010E1B700E88132 /* CountdownHeaderView.swift in Sources */ = {isa = PBXBuildFile; fileRef = D9E0688F3010E1B700E88132 /* CountdownHeaderView.swift */; };
		D9E068923010E1C000E88132 /* SettingsView.swift in Sources */ = {isa = PBXBuildFile; fileRef = D9E068913010E1C000E88132 /* SettingsView.swift */; };
		D9E068943010E1CA00E88132 /* AddTaskSheet.swift in Sources */ = {isa = PBXBuildFile; fileRef = D9E068933010E1CA00E88132 /* AddTaskSheet.swift */; };
		D9E068963010E1DF00E88132 /* TimeCalculator.swift in Sources */ = {isa = PBXBuildFile; fileRef = D9E068953010E1DF00E88132 /* TimeCalculator.swift */; };
		D9E068983010E1E800E88132 /* AdMobManager.swift in Sources */ = {isa = PBXBuildFile; fileRef = D9E068973010E1E800E88132 /* AdMobManager.swift */; };
		D9E0689A3010E1F200E88132 /* AppTheme.swift in Sources */ = {isa = PBXBuildFile; fileRef = D9E068993010E1F200E88132 /* AppTheme.swift */; };
/* End PBXBuildFile section */

/* Begin PBXFileReference section */
		D9E068593010A55D00E88132 /* Gyakusan.app */ = {isa = PBXFileReference; explicitFileType = wrapper.application; includeInIndex = 0; path = Gyakusan.app; sourceTree = BUILT_PRODUCTS_DIR; };
		D9E068673010A63900E88132 /* Assets.xcassets */ = {isa = PBXFileReference; lastKnownFileType = folder.assetcatalog; path = Assets.xcassets; sourceTree = "<group>"; };
		D9E068683010A63900E88132 /* MainTabView.swift */ = {isa = PBXFileReference; lastKnownFileType = sourcecode.swift; path = MainTabView.swift; sourceTree = "<group>"; };
		D9E068693010A63900E88132 /* GyakusanApp.swift */ = {isa = PBXFileReference; lastKnownFileType = sourcecode.swift; path = GyakusanApp.swift; sourceTree = "<group>"; };
		D9E0686E3010A69900E88132 /* Info.plist */ = {isa = PBXFileReference; lastKnownFileType = text.plist.xml; path = Info.plist; sourceTree = "<group>"; };
		D9E068743010B06900E88132 /* Localizable.xcstrings */ = {isa = PBXFileReference; lastKnownFileType = text.json.xcstrings; path = Localizable.xcstrings; sourceTree = "<group>"; };
		D9E068763010E08C00E88132 /* AppDelegate.swift */ = {isa = PBXFileReference; lastKnownFileType = sourcecode.swift; path = AppDelegate.swift; sourceTree = "<group>"; };
		D9E068783010E0CB00E88132 /* LimitTask.swift */ = {isa = PBXFileReference; lastKnownFileType = sourcecode.swift; path = LimitTask.swift; sourceTree = "<group>"; };
		D9E0687A3010E0D400E88132 /* UserProfile.swift */ = {isa = PBXFileReference; lastKnownFileType = sourcecode.swift; path = UserProfile.swift; sourceTree = "<group>"; };
		D9E0687C3010E0DE00E88132 /* TimeFrame.swift */ = {isa = PBXFileReference; lastKnownFileType = sourcecode.swift; path = TimeFrame.swift; sourceTree = "<group>"; };
		D9E068833010E16400E88132 /* BannerAdView.swift */ = {isa = PBXFileReference; lastKnownFileType = sourcecode.swift; path = BannerAdView.swift; sourceTree = "<group>"; };
		D9E068853010E16D00E88132 /* TimeFramePicker.swift */ = {isa = PBXFileReference; lastKnownFileType = sourcecode.swift; path = TimeFramePicker.swift; sourceTree = "<group>"; };
		D9E068873010E17D00E88132 /* TaskRowView.swift */ = {isa = PBXFileReference; lastKnownFileType = sourcecode.swift; path = TaskRowView.swift; sourceTree = "<group>"; };
		D9E068893010E19100E88132 /* TodoListView.swift */ = {isa = PBXFileReference; lastKnownFileType = sourcecode.swift; path = TodoListView.swift; sourceTree = "<group>"; };
		D9E0688B3010E19B00E88132 /* LimitVisualizerView.swift */ = {isa = PBXFileReference; lastKnownFileType = sourcecode.swift; path = LimitVisualizerView.swift; sourceTree = "<group>"; };
		D9E0688D3010E1A400E88132 /* LifeGridView.swift */ = {isa = PBXFileReference; lastKnownFileType = sourcecode.swift; path = LifeGridView.swift; sourceTree = "<group>"; };
		D9E0688F3010E1B700E88132 /* CountdownHeaderView.swift */ = {isa = PBXFileReference; lastKnownFileType = sourcecode.swift; path = CountdownHeaderView.swift; sourceTree = "<group>"; };
		D9E068913010E1C000E88132 /* SettingsView.swift */ = {isa = PBXFileReference; lastKnownFileType = sourcecode.swift; path = SettingsView.swift; sourceTree = "<group>"; };
		D9E068933010E1CA00E88132 /* AddTaskSheet.swift */ = {isa = PBXFileReference; lastKnownFileType = sourcecode.swift; path = AddTaskSheet.swift; sourceTree = "<group>"; };
		D9E068953010E1DF00E88132 /* TimeCalculator.swift */ = {isa = PBXFileReference; lastKnownFileType = sourcecode.swift; path = TimeCalculator.swift; sourceTree = "<group>"; };
		D9E068973010E1E800E88132 /* AdMobManager.swift */ = {isa = PBXFileReference; lastKnownFileType = sourcecode.swift; path = AdMobManager.swift; sourceTree = "<group>"; };
		D9E068993010E1F200E88132 /* AppTheme.swift */ = {isa = PBXFileReference; lastKnownFileType = sourcecode.swift; path = AppTheme.swift; sourceTree = "<group>"; };
/* End PBXFileReference section */

/* Begin PBXFrameworksBuildPhase section */
		D9E068563010A55D00E88132 /* Frameworks */ = {
			isa = PBXFrameworksBuildPhase;
			buildActionMask = 2147483647;
			files = (
			);
			runOnlyForDeploymentPostprocessing = 0;
		};
/* End PBXFrameworksBuildPhase section */

/* Begin PBXGroup section */
		D9E068503010A55D00E88132 = {
			isa = PBXGroup;
			children = (
				D9E0686A3010A63900E88132 /* Gyakusan */,
				D9E0685A3010A55D00E88132 /* Products */,
			);
			sourceTree = "<group>";
		};
		D9E0685A3010A55D00E88132 /* Products */ = {
			isa = PBXGroup;
			children = (
				D9E068593010A55D00E88132 /* Gyakusan.app */,
			);
			name = Products;
			sourceTree = "<group>";
		};
		D9E0686A3010A63900E88132 /* Gyakusan */ = {
			isa = PBXGroup;
			children = (
				D9E0686F3010AFB900E88132 /* App */,
				D9E068703010AFC200E88132 /* Models */,
				D9E068713010AFD200E88132 /* Views */,
				D9E068723010AFDD00E88132 /* Utilities */,
				D9E068733010AFE800E88132 /* Resources */,
			);
			path = Gyakusan;
			sourceTree = "<group>";
		};
		D9E0686F3010AFB900E88132 /* App */ = {
			isa = PBXGroup;
			children = (
				D9E068693010A63900E88132 /* GyakusanApp.swift */,
				D9E068763010E08C00E88132 /* AppDelegate.swift */,
				D9E0686E3010A69900E88132 /* Info.plist */,
			);
			path = App;
			sourceTree = "<group>";
		};
		D9E068703010AFC200E88132 /* Models */ = {
			isa = PBXGroup;
			children = (
				D9E068783010E0CB00E88132 /* LimitTask.swift */,
				D9E0687A3010E0D400E88132 /* UserProfile.swift */,
				D9E0687C3010E0DE00E88132 /* TimeFrame.swift */,
			);
			path = Models;
			sourceTree = "<group>";
		};
		D9E068713010AFD200E88132 /* Views */ = {
			isa = PBXGroup;
			children = (
				D9E068683010A63900E88132 /* MainTabView.swift */,
				D9E0687E3010E0EE00E88132 /* Components */,
				D9E0687F3010E10C00E88132 /* TodoTab */,
				D9E068803010E11500E88132 /* LimitTab */,
				D9E068813010E11C00E88132 /* SettingsTab */,
				D9E068823010E12300E88132 /* TaskForm */,
			);
			path = Views;
			sourceTree = "<group>";
		};
		D9E068723010AFDD00E88132 /* Utilities */ = {
			isa = PBXGroup;
			children = (
				D9E068953010E1DF00E88132 /* TimeCalculator.swift */,
				D9E068973010E1E800E88132 /* AdMobManager.swift */,
				D9E068993010E1F200E88132 /* AppTheme.swift */,
			);
			path = Utilities;
			sourceTree = "<group>";
		};
		D9E068733010AFE800E88132 /* Resources */ = {
			isa = PBXGroup;
			children = (
				D9E068743010B06900E88132 /* Localizable.xcstrings */,
				D9E068673010A63900E88132 /* Assets.xcassets */,
			);
			path = Resources;
			sourceTree = "<group>";
		};
		D9E0687E3010E0EE00E88132 /* Components */ = {
			isa = PBXGroup;
			children = (
				D9E068833010E16400E88132 /* BannerAdView.swift */,
				D9E068853010E16D00E88132 /* TimeFramePicker.swift */,
				D9E068873010E17D00E88132 /* TaskRowView.swift */,
			);
			path = Components;
			sourceTree = "<group>";
		};
		D9E0687F3010E10C00E88132 /* TodoTab */ = {
			isa = PBXGroup;
			children = (
				D9E068893010E19100E88132 /* TodoListView.swift */,
			);
			path = TodoTab;
			sourceTree = "<group>";
		};
		D9E068803010E11500E88132 /* LimitTab */ = {
			isa = PBXGroup;
			children = (
				D9E0688B3010E19B00E88132 /* LimitVisualizerView.swift */,
				D9E0688D3010E1A400E88132 /* LifeGridView.swift */,
				D9E0688F3010E1B700E88132 /* CountdownHeaderView.swift */,
			);
			path = LimitTab;
			sourceTree = "<group>";
		};
		D9E068813010E11C00E88132 /* SettingsTab */ = {
			isa = PBXGroup;
			children = (
				D9E068913010E1C000E88132 /* SettingsView.swift */,
			);
			path = SettingsTab;
			sourceTree = "<group>";
		};
		D9E068823010E12300E88132 /* TaskForm */ = {
			isa = PBXGroup;
			children = (
				D9E068933010E1CA00E88132 /* AddTaskSheet.swift */,
			);
			path = TaskForm;
			sourceTree = "<group>";
		};
/* End PBXGroup section */

/* Begin PBXNativeTarget section */
		D9E068583010A55D00E88132 /* Gyakusan */ = {
			isa = PBXNativeTarget;
			buildConfigurationList = D9E068643010A55E00E88132 /* Build configuration list for PBXNativeTarget "Gyakusan" */;
			buildPhases = (
				D9E068553010A55D00E88132 /* Sources */,
				D9E068563010A55D00E88132 /* Frameworks */,
				D9E068573010A55D00E88132 /* Resources */,
			);
			buildRules = (
			);
			dependencies = (
			);
			name = Gyakusan;
			packageProductDependencies = (
			);
			productName = Gyakusan;
			productReference = D9E068593010A55D00E88132 /* Gyakusan.app */;
			productType = "com.apple.product-type.application";
		};
/* End PBXNativeTarget section */

/* Begin PBXProject section */
		D9E068513010A55D00E88132 /* Project object */ = {
			isa = PBXProject;
			attributes = {
				BuildIndependentTargetsInParallel = 1;
				LastSwiftUpdateCheck = 2650;
				LastUpgradeCheck = 2650;
				TargetAttributes = {
					D9E068583010A55D00E88132 = {
						CreatedOnToolsVersion = 26.5;
					};
				};
			};
			buildConfigurationList = D9E068543010A55D00E88132 /* Build configuration list for PBXProject "Gyakusan" */;
			developmentRegion = en;
			hasScannedForEncodings = 0;
			knownRegions = (
				en,
				Base,
			);
			mainGroup = D9E068503010A55D00E88132;
			minimizedProjectReferenceProxies = 1;
			preferredProjectObjectVersion = 77;
			productRefGroup = D9E0685A3010A55D00E88132 /* Products */;
			projectDirPath = "";
			projectRoot = "";
			targets = (
				D9E068583010A55D00E88132 /* Gyakusan */,
			);
		};
/* End PBXProject section */

/* Begin PBXResourcesBuildPhase section */
		D9E068573010A55D00E88132 /* Resources */ = {
			isa = PBXResourcesBuildPhase;
			buildActionMask = 2147483647;
			files = (
				D9E068753010B06900E88132 /* Localizable.xcstrings in Resources */,
				D9E0686B3010A63900E88132 /* Assets.xcassets in Resources */,
			);
			runOnlyForDeploymentPostprocessing = 0;
		};
/* End PBXResourcesBuildPhase section */

/* Begin PBXSourcesBuildPhase section */
		D9E068553010A55D00E88132 /* Sources */ = {
			isa = PBXSourcesBuildPhase;
			buildActionMask = 2147483647;
			files = (
				D9E068863010E16D00E88132 /* TimeFramePicker.swift in Sources */,
				D9E0688C3010E19B00E88132 /* LimitVisualizerView.swift in Sources */,
				D9E0688E3010E1A400E88132 /* LifeGridView.swift in Sources */,
				D9E0689A3010E1F200E88132 /* AppTheme.swift in Sources */,
				D9E068883010E17D00E88132 /* TaskRowView.swift in Sources */,
				D9E0688A3010E19100E88132 /* TodoListView.swift in Sources */,
				D9E0687D3010E0DE00E88132 /* TimeFrame.swift in Sources */,
				D9E068793010E0CB00E88132 /* LimitTask.swift in Sources */,
				D9E068923010E1C000E88132 /* SettingsView.swift in Sources */,
				D9E068963010E1DF00E88132 /* TimeCalculator.swift in Sources */,
				D9E068903010E1B700E88132 /* CountdownHeaderView.swift in Sources */,
				D9E068773010E08C00E88132 /* AppDelegate.swift in Sources */,
				D9E068943010E1CA00E88132 /* AddTaskSheet.swift in Sources */,
				D9E068843010E16400E88132 /* BannerAdView.swift in Sources */,
				D9E0687B3010E0D400E88132 /* UserProfile.swift in Sources */,
				D9E0686C3010A63900E88132 /* MainTabView.swift in Sources */,
				D9E0686D3010A63900E88132 /* GyakusanApp.swift in Sources */,
				D9E068983010E1E800E88132 /* AdMobManager.swift in Sources */,
			);
			runOnlyForDeploymentPostprocessing = 0;
		};
/* End PBXSourcesBuildPhase section */

/* Begin XCBuildConfiguration section */
		D9E068623010A55E00E88132 /* Debug */ = {
			isa = XCBuildConfiguration;
			buildSettings = {
				ALWAYS_SEARCH_USER_PATHS = NO;
				ASSETCATALOG_COMPILER_GENERATE_SWIFT_ASSET_SYMBOL_EXTENSIONS = YES;
				CLANG_ANALYZER_NONNULL = YES;
				CLANG_ANALYZER_NUMBER_OBJECT_CONVERSION = YES_AGGRESSIVE;
				CLANG_CXX_LANGUAGE_STANDARD = "gnu++20";
				CLANG_ENABLE_MODULES = YES;
				CLANG_ENABLE_OBJC_ARC = YES;
				CLANG_ENABLE_OBJC_WEAK = YES;
				CLANG_WARN_BLOCK_CAPTURE_AUTORELEASING = YES;
				CLANG_WARN_BOOL_CONVERSION = YES;
				CLANG_WARN_COMMA = YES;
				CLANG_WARN_CONSTANT_CONVERSION = YES;
				CLANG_WARN_DEPRECATED_OBJC_IMPLEMENTATIONS = YES;
				CLANG_WARN_DIRECT_OBJC_ISA_USAGE = YES_ERROR;
				CLANG_WARN_DOCUMENTATION_COMMENTS = YES;
				CLANG_WARN_EMPTY_BODY = YES;
				CLANG_WARN_ENUM_CONVERSION = YES;
				CLANG_WARN_INFINITE_RECURSION = YES;
				CLANG_WARN_INT_CONVERSION = YES;
				CLANG_WARN_NON_LITERAL_NULL_CONVERSION = YES;
				CLANG_WARN_OBJC_IMPLICIT_RETAIN_SELF = YES;
				CLANG_WARN_OBJC_LITERAL_CONVERSION = YES;
				CLANG_WARN_OBJC_ROOT_CLASS = YES_ERROR;
				CLANG_WARN_QUOTED_INCLUDE_IN_FRAMEWORK_HEADER = YES;
				CLANG_WARN_RANGE_LOOP_ANALYSIS = YES;
				CLANG_WARN_STRICT_PROTOTYPES = YES;
				CLANG_WARN_SUSPICIOUS_MOVE = YES;
				CLANG_WARN_UNGUARDED_AVAILABILITY = YES_AGGRESSIVE;
				CLANG_WARN_UNREACHABLE_CODE = YES;
				CLANG_WARN__DUPLICATE_METHOD_MATCH = YES;
				COPY_PHASE_STRIP = NO;
				DEBUG_INFORMATION_FORMAT = dwarf;
				DEVELOPMENT_TEAM = D86GFNUD35;
				ENABLE_STRICT_OBJC_MSGSEND = YES;
				ENABLE_TESTABILITY = YES;
				ENABLE_USER_SCRIPT_SANDBOXING = YES;
				GCC_C_LANGUAGE_STANDARD = gnu17;
				GCC_DYNAMIC_NO_PIC = NO;
				GCC_NO_COMMON_BLOCKS = YES;
				GCC_OPTIMIZATION_LEVEL = 0;
				GCC_PREPROCESSOR_DEFINITIONS = (
					"DEBUG=1",
					"$(inherited)",
				);
				GCC_WARN_64_TO_32_BIT_CONVERSION = YES;
				GCC_WARN_ABOUT_RETURN_TYPE = YES_ERROR;
				GCC_WARN_UNDECLARED_SELECTOR = YES;
				GCC_WARN_UNINITIALIZED_AUTOS = YES_AGGRESSIVE;
				GCC_WARN_UNUSED_FUNCTION = YES;
				GCC_WARN_UNUSED_VARIABLE = YES;
				IPHONEOS_DEPLOYMENT_TARGET = 26.5;
				LOCALIZATION_PREFERS_STRING_CATALOGS = YES;
				MTL_ENABLE_DEBUG_INFO = INCLUDE_SOURCE;
				MTL_FAST_MATH = YES;
				ONLY_ACTIVE_ARCH = YES;
				SDKROOT = iphoneos;
				SWIFT_ACTIVE_COMPILATION_CONDITIONS = "DEBUG $(inherited)";
				SWIFT_EMIT_LOC_STRINGS = YES;
				SWIFT_OPTIMIZATION_LEVEL = "-Onone";
			};
			name = Debug;
		};
		D9E068633010A55E00E88132 /* Release */ = {
			isa = XCBuildConfiguration;
			buildSettings = {
				ALWAYS_SEARCH_USER_PATHS = NO;
				ASSETCATALOG_COMPILER_GENERATE_SWIFT_ASSET_SYMBOL_EXTENSIONS = YES;
				CLANG_ANALYZER_NONNULL = YES;
				CLANG_ANALYZER_NUMBER_OBJECT_CONVERSION = YES_AGGRESSIVE;
				CLANG_CXX_LANGUAGE_STANDARD = "gnu++20";
				CLANG_ENABLE_MODULES = YES;
				CLANG_ENABLE_OBJC_ARC = YES;
				CLANG_ENABLE_OBJC_WEAK = YES;
				CLANG_WARN_BLOCK_CAPTURE_AUTORELEASING = YES;
				CLANG_WARN_BOOL_CONVERSION = YES;
				CLANG_WARN_COMMA = YES;
				CLANG_WARN_CONSTANT_CONVERSION = YES;
				CLANG_WARN_DEPRECATED_OBJC_IMPLEMENTATIONS = YES;
				CLANG_WARN_DIRECT_OBJC_ISA_USAGE = YES_ERROR;
				CLANG_WARN_DOCUMENTATION_COMMENTS = YES;
				CLANG_WARN_EMPTY_BODY = YES;
				CLANG_WARN_ENUM_CONVERSION = YES;
				CLANG_WARN_INFINITE_RECURSION = YES;
				CLANG_WARN_INT_CONVERSION = YES;
				CLANG_WARN_NON_LITERAL_NULL_CONVERSION = YES;
				CLANG_WARN_OBJC_IMPLICIT_RETAIN_SELF = YES;
				CLANG_WARN_OBJC_LITERAL_CONVERSION = YES;
				CLANG_WARN_OBJC_ROOT_CLASS = YES_ERROR;
				CLANG_WARN_QUOTED_INCLUDE_IN_FRAMEWORK_HEADER = YES;
				CLANG_WARN_RANGE_LOOP_ANALYSIS = YES;
				CLANG_WARN_STRICT_PROTOTYPES = YES;
				CLANG_WARN_SUSPICIOUS_MOVE = YES;
				CLANG_WARN_UNGUARDED_AVAILABILITY = YES_AGGRESSIVE;
				CLANG_WARN_UNREACHABLE_CODE = YES;
				CLANG_WARN__DUPLICATE_METHOD_MATCH = YES;
				COPY_PHASE_STRIP = NO;
				DEBUG_INFORMATION_FORMAT = "dwarf-with-dsym";
				DEVELOPMENT_TEAM = D86GFNUD35;
				ENABLE_NS_ASSERTIONS = NO;
				ENABLE_STRICT_OBJC_MSGSEND = YES;
				ENABLE_USER_SCRIPT_SANDBOXING = YES;
				GCC_C_LANGUAGE_STANDARD = gnu17;
				GCC_NO_COMMON_BLOCKS = YES;
				GCC_WARN_64_TO_32_BIT_CONVERSION = YES;
				GCC_WARN_ABOUT_RETURN_TYPE = YES_ERROR;
				GCC_WARN_UNDECLARED_SELECTOR = YES;
				GCC_WARN_UNINITIALIZED_AUTOS = YES_AGGRESSIVE;
				GCC_WARN_UNUSED_FUNCTION = YES;
				GCC_WARN_UNUSED_VARIABLE = YES;
				IPHONEOS_DEPLOYMENT_TARGET = 26.5;
				LOCALIZATION_PREFERS_STRING_CATALOGS = YES;
				MTL_ENABLE_DEBUG_INFO = NO;
				MTL_FAST_MATH = YES;
				SDKROOT = iphoneos;
				SWIFT_COMPILATION_MODE = wholemodule;
				SWIFT_EMIT_LOC_STRINGS = YES;
				VALIDATE_PRODUCT = YES;
			};
			name = Release;
		};
		D9E068653010A55E00E88132 /* Debug */ = {
			isa = XCBuildConfiguration;
			buildSettings = {
				ASSETCATALOG_COMPILER_APPICON_NAME = AppIcon;
				ASSETCATALOG_COMPILER_GLOBAL_ACCENT_COLOR_NAME = AccentColor;
				CODE_SIGN_STYLE = Automatic;
				CURRENT_PROJECT_VERSION = 1;
				DEVELOPMENT_TEAM = D86GFNUD35;
				ENABLE_PREVIEWS = YES;
				GENERATE_INFOPLIST_FILE = YES;
				INFOPLIST_FILE = Gyakusan/App/Info.plist;
				INFOPLIST_KEY_LSApplicationCategoryType = "public.app-category.lifestyle";
				INFOPLIST_KEY_UIApplicationSceneManifest_Generation = YES;
				INFOPLIST_KEY_UIApplicationSupportsIndirectInputEvents = YES;
				INFOPLIST_KEY_UILaunchScreen_Generation = YES;
				INFOPLIST_KEY_UISupportedInterfaceOrientations_iPad = "UIInterfaceOrientationPortrait UIInterfaceOrientationPortraitUpsideDown UIInterfaceOrientationLandscapeLeft UIInterfaceOrientationLandscapeRight";
				INFOPLIST_KEY_UISupportedInterfaceOrientations_iPhone = "UIInterfaceOrientationPortrait UIInterfaceOrientationLandscapeLeft UIInterfaceOrientationLandscapeRight";
				IPHONEOS_DEPLOYMENT_TARGET = 17.0;
				LD_RUNPATH_SEARCH_PATHS = (
					"$(inherited)",
					"@executable_path/Frameworks",
				);
				MARKETING_VERSION = 1.0;
				PRODUCT_BUNDLE_IDENTIFIER = com.suzuki.kenichiro.Gyakusan;
				PRODUCT_NAME = "$(TARGET_NAME)";
				STRING_CATALOG_GENERATE_SYMBOLS = YES;
				SUPPORTED_PLATFORMS = "iphoneos iphonesimulator";
				SUPPORTS_MACCATALYST = NO;
				SUPPORTS_MAC_DESIGNED_FOR_IPHONE_IPAD = NO;
				SUPPORTS_XR_DESIGNED_FOR_IPHONE_IPAD = NO;
				SWIFT_APPROACHABLE_CONCURRENCY = YES;
				SWIFT_DEFAULT_ACTOR_ISOLATION = MainActor;
				SWIFT_EMIT_LOC_STRINGS = YES;
				SWIFT_UPCOMING_FEATURE_MEMBER_IMPORT_VISIBILITY = YES;
				SWIFT_VERSION = 5.0;
				TARGETED_DEVICE_FAMILY = 1;
			};
			name = Debug;
		};
		D9E068663010A55E00E88132 /* Release */ = {
			isa = XCBuildConfiguration;
			buildSettings = {
				ASSETCATALOG_COMPILER_APPICON_NAME = AppIcon;
				ASSETCATALOG_COMPILER_GLOBAL_ACCENT_COLOR_NAME = AccentColor;
				CODE_SIGN_STYLE = Automatic;
				CURRENT_PROJECT_VERSION = 1;
				DEVELOPMENT_TEAM = D86GFNUD35;
				ENABLE_PREVIEWS = YES;
				GENERATE_INFOPLIST_FILE = YES;
				INFOPLIST_FILE = Gyakusan/App/Info.plist;
				INFOPLIST_KEY_LSApplicationCategoryType = "public.app-category.lifestyle";
				INFOPLIST_KEY_UIApplicationSceneManifest_Generation = YES;
				INFOPLIST_KEY_UIApplicationSupportsIndirectInputEvents = YES;
				INFOPLIST_KEY_UILaunchScreen_Generation = YES;
				INFOPLIST_KEY_UISupportedInterfaceOrientations_iPad = "UIInterfaceOrientationPortrait UIInterfaceOrientationPortraitUpsideDown UIInterfaceOrientationLandscapeLeft UIInterfaceOrientationLandscapeRight";
				INFOPLIST_KEY_UISupportedInterfaceOrientations_iPhone = "UIInterfaceOrientationPortrait UIInterfaceOrientationLandscapeLeft UIInterfaceOrientationLandscapeRight";
				IPHONEOS_DEPLOYMENT_TARGET = 17.0;
				LD_RUNPATH_SEARCH_PATHS = (
					"$(inherited)",
					"@executable_path/Frameworks",
				);
				MARKETING_VERSION = 1.0;
				PRODUCT_BUNDLE_IDENTIFIER = com.suzuki.kenichiro.Gyakusan;
				PRODUCT_NAME = "$(TARGET_NAME)";
				STRING_CATALOG_GENERATE_SYMBOLS = YES;
				SUPPORTED_PLATFORMS = "iphoneos iphonesimulator";
				SUPPORTS_MACCATALYST = NO;
				SUPPORTS_MAC_DESIGNED_FOR_IPHONE_IPAD = NO;
				SUPPORTS_XR_DESIGNED_FOR_IPHONE_IPAD = NO;
				SWIFT_APPROACHABLE_CONCURRENCY = YES;
				SWIFT_DEFAULT_ACTOR_ISOLATION = MainActor;
				SWIFT_EMIT_LOC_STRINGS = YES;
				SWIFT_UPCOMING_FEATURE_MEMBER_IMPORT_VISIBILITY = YES;
				SWIFT_VERSION = 5.0;
				TARGETED_DEVICE_FAMILY = 1;
			};
			name = Release;
		};
/* End XCBuildConfiguration section */

/* Begin XCConfigurationList section */
		D9E068543010A55D00E88132 /* Build configuration list for PBXProject "Gyakusan" */ = {
			isa = XCConfigurationList;
			buildConfigurations = (
				D9E068623010A55E00E88132 /* Debug */,
				D9E068633010A55E00E88132 /* Release */,
			);
			defaultConfigurationIsVisible = 0;
			defaultConfigurationName = Release;
		};
		D9E068643010A55E00E88132 /* Build configuration list for PBXNativeTarget "Gyakusan" */ = {
			isa = XCConfigurationList;
			buildConfigurations = (
				D9E068653010A55E00E88132 /* Debug */,
				D9E068663010A55E00E88132 /* Release */,
			);
			defaultConfigurationIsVisible = 0;
			defaultConfigurationName = Release;
		};
/* End XCConfigurationList section */
	};
	rootObject = D9E068513010A55D00E88132 /* Project object */;
}
